# THIS IS AN AUTOGENERATED FILE. DO NOT EDIT THIS FILE DIRECTLY.
# yarn lockfile v1


js-demo-lib@^1.0.0:
  version "1.0.1"
  resolved "http://localhost:8081/repository/demo-npm-group/js-demo-lib/-/js-demo-lib-1.0.1.tgz#753ef748426091fd7bebb4b1da992b9fd76230bb"
  integrity sha512-wGuUSHx41QnluwR9Qtx2mO5j4yXMRI+Hfs4cFVY+9SAf87INesG7IduWazSlrExxcv4Jq53jYQlr/g3cpbZOBA==
